{
    "_readme": [
        "This file locks the dependencies of your project to a known state",
        "Read more about it at https://getcomposer.org/doc/01-basic-usage.md#composer-lock-the-lock-file",
        "This file is @generated automatically"
    ],
    "content-hash": "9e9e3cc802c4e7c69b5245c4cd93e52f",
    "packages": [
        {
            "name": "rayful/pagination",
            "version": "1.0.2",
            "source": {
                "type": "git",
                "url": "https://github.com/rayful/Pagination.git",
                "reference": "3acc6771ab996043beaa5783eb802e7fd3b436ec"
            },
            "dist": {
                "type": "zip",
                "url": "https://api.github.com/repos/rayful/Pagination/zipball/3acc6771ab996043beaa5783eb802e7fd3b436ec",
                "reference": "3acc6771ab996043beaa5783eb802e7fd3b436ec",
                "shasum": ""
            },
            "require": {
                "rayful/url": ">=1.0"
            },
            "type": "library",
            "autoload": {
                "psr-4": {
                    "rayful\\Tool\\Pagination\\": ""
                }
            },
            "notification-url": "https://packagist.org/downloads/",
            "authors": [
                {
                    "name": "Kingmax Yang",
                    "email": "kingmaxyang@gmail.com"
                }
            ],
            "description": "A Library for Pagination, interagted in DB-Manager. Can be extended to change display, can See MorePage Class.",
            "time": "2016-04-29T02:18:22+00:00"
        },
        {
            "name": "rayful/toolkit",
            "version": "1.2.3.1",
            "source": {
                "type": "git",
                "url": "https://github.com/rayful/toolkit.git",
                "reference": "e9f12cec2998c776bf8537d55ffddb78a929c09d"
            },
            "dist": {
                "type": "zip",
                "url": "https://api.github.com/repos/rayful/toolkit/zipball/e9f12cec2998c776bf8537d55ffddb78a929c09d",
                "reference": "e9f12cec2998c776bf8537d55ffddb78a929c09d",
                "shasum": ""
            },
            "type": "library",
            "autoload": {
                "psr-4": {
                    "rayful\\Tool\\": "src/"
                }
            },
            "notification-url": "https://packagist.org/downloads/",
            "license": [
                "MIT"
            ],
            "authors": [
                {
                    "name": "kingmax",
                    "email": "kingmaxyang@gmail.com"
                }
            ],
            "description": "A toolkit service for rayful PHP packages.",
            "time": "2016-07-21T03:26:56+00:00"
        },
        {
            "name": "rayful/url",
            "version": "1.0.2",
            "source": {
                "type": "git",
                "url": "https://github.com/rayful/URL.git",
                "reference": "cee5a135a91ce7a35ec43fd81c568803728badb9"
            },
            "dist": {
                "type": "zip",
                "url": "https://api.github.com/repos/rayful/URL/zipball/cee5a135a91ce7a35ec43fd81c568803728badb9",
                "reference": "cee5a135a91ce7a35ec43fd81c568803728badb9",
                "shasum": ""
            },
            "type": "library",
            "autoload": {
                "classmap": [
                    "URL.php"
                ]
            },
            "notification-url": "https://packagist.org/downloads/",
            "license": [
                "MIT"
            ],
            "authors": [
                {
                    "name": "Kingmax Yang",
                    "email": "kingmaxyang@gmail.com"
                }
            ],
            "description": "A URL operation Class, including set query, get query, parse query, get domain and so on.",
            "keywords": [
                "auto get current URL",
                "encode full URL",
                "get URL domain",
                "get query",
                "set query",
                "url"
            ],
            "time": "2016-04-29T07:54:04+00:00"
        }
    ],
    "packages-dev": [],
    "aliases": [],
    "minimum-stability": "stable",
    "stability-flags": [],
    "prefer-stable": false,
    "prefer-lowest": false,
    "platform": [],
    "platform-dev": []
}
